
Microsoft Visual Studio Solution File, Format Version 12.00
# Visual Studio Version 17
VisualStudioVersion = 17.9.34728.123
MinimumVisualStudioVersion = 10.0.40219.1
Project("{9A19103F-16F7-4668-BE54-9A1E7A4F7556}") = "Figounuts", "Figounuts\Figounuts.csproj", "{3CA51E48-9B72-482F-9FFA-876CE3F77376}"
EndProject
Global
	GlobalSection(SolutionConfigurationPlatforms) = preSolution
		Debug|Any CPU = Debug|Any CPU
		Release|Any CPU = Release|Any CPU
	EndGlobalSection
	GlobalSection(ProjectConfigurationPlatforms) = postSolution
		{3CA51E48-9B72-482F-9FFA-876CE3F77376}.Debug|Any CPU.ActiveCfg = Debug|Any CPU
		{3CA51E48-9B72-482F-9FFA-876CE3F77376}.Debug|Any CPU.Build.0 = Debug|Any CPU
		{3CA51E48-9B72-482F-9FFA-876CE3F77376}.Release|Any CPU.ActiveCfg = Release|Any CPU
		{3CA51E48-9B72-482F-9FFA-876CE3F77376}.Release|Any CPU.Build.0 = Release|Any CPU
	EndGlobalSection
	GlobalSection(SolutionProperties) = preSolution
		HideSolutionNode = FALSE
	EndGlobalSection
	GlobalSection(ExtensibilityGlobals) = postSolution
		SolutionGuid = {4645763A-EF20-4E54-A4EF-7D280FBF10F7}
	EndGlobalSection
EndGlobal
